// !$*UTF8*$!
{
	archiveVersion = 1;
	classes = {
	};
	objectVersion = 55;
	objects = {

/* Begin PBXBuildFile section */
		FD8E8AAF27240DFA00075CE1 /* AppDelegate.swift in Sources */ = {isa = PBXBuildFile; fileRef = FD8E8AAE27240DFA00075CE1 /* AppDelegate.swift */; };
		FD8E8AB127240DFA00075CE1 /* art.scnassets in Resources */ = {isa = PBXBuildFile; fileRef = FD8E8AB027240DFA00075CE1 /* art.scnassets */; };
		FD8E8AB327240DFA00075CE1 /* ViewController.swift in Sources */ = {isa = PBXBuildFile; fileRef = FD8E8AB227240DFA00075CE1 /* ViewController.swift */; };
		FD8E8AB627240DFA00075CE1 /* Main.storyboard in Resources */ = {isa = PBXBuildFile; fileRef = FD8E8AB427240DFA00075CE1 /* Main.storyboard */; };
		FD8E8AB827240DFB00075CE1 /* Assets.xcassets in Resources */ = {isa = PBXBuildFile; fileRef = FD8E8AB727240DFB00075CE1 /* Assets.xcassets */; };
		FD8E8ABB27240DFB00075CE1 /* LaunchScreen.storyboard in Resources */ = {isa = PBXBuildFile; fileRef = FD8E8AB927240DFB00075CE1 /* LaunchScreen.storyboard */; };
		FD8E8AC527240DFB00075CE1 /* ARKit_tutorial_1Tests.swift in Sources */ = {isa = PBXBuildFile; fileRef = FD8E8AC427240DFB00075CE1 /* ARKit_tutorial_1Tests.swift */; };
		FD8E8ACF27240DFB00075CE1 /* ARKit_tutorial_1UITests.swift in Sources */ = {isa = PBXBuildFile; fileRef = FD8E8ACE27240DFB00075CE1 /* ARKit_tutorial_1UITests.swift */; };
		FD8E8AD127240DFC00075CE1 /* ARKit_tutorial_1UITestsLaunchTests.swift in Sources */ = {isa = PBXBuildFile; fileRef = FD8E8AD027240DFC00075CE1 /* ARKit_tutorial_1UITestsLaunchTests.swift */; };
/* End PBXBuildFile section */

/* Begin PBXContainerItemProxy section */
		FD8E8AC127240DFB00075CE1 /* PBXContainerItemProxy */ = {
			isa = PBXContainerItemProxy;
			containerPortal = FD8E8AA327240DFA00075CE1 /* Project object */;
			proxyType = 1;
			remoteGlobalIDString = FD8E8AAA27240DFA00075CE1;
			remoteInfo = "ARKit tutorial_1";
		};
		FD8E8ACB27240DFB00075CE1 /* PBXContainerItemProxy */ = {
			isa = PBXContainerItemProxy;
			containerPortal = FD8E8AA327240DFA00075CE1 /* Project object */;
			proxyType = 1;
			remoteGlobalIDString = FD8E8AAA27240DFA00075CE1;
			remoteInfo = "ARKit tutorial_1";
		};
/* End PBXContainerItemProxy section */

/* Begin PBXFileReference section */
		FD8E8AAB27240DFA00075CE1 /* ARKit tutorial_1.app */ = {isa = PBXFileReference; explicitFileType = wrapper.application; includeInIndex = 0; path = "ARKit tutorial_1.app"; sourceTree = BUILT_PRODUCTS_DIR; };
		FD8E8AAE27240DFA00075CE1 /* AppDelegate.swift */ = {isa = PBXFileReference; lastKnownFileType = sourcecode.swift; path = AppDelegate.swift; sourceTree = "<group>"; };
		FD8E8AB027240DFA00075CE1 /* art.scnassets */ = {isa = PBXFileReference; lastKnownFileType = wrapper.scnassets; path = art.scnassets; sourceTree = "<group>"; };
		FD8E8AB227240DFA00075CE1 /* ViewController.swift */ = {isa = PBXFileReference; lastKnownFileType = sourcecode.swift; path = ViewController.swift; sourceTree = "<group>"; };
		FD8E8AB527240DFA00075CE1 /* Base */ = {isa = PBXFileReference; lastKnownFileType = file.storyboard; name = Base; path = Base.lproj/Main.storyboard; sourceTree = "<group>"; };
		FD8E8AB727240DFB00075CE1 /* Assets.xcassets */ = {isa = PBXFileReference; lastKnownFileType = folder.assetcatalog; path = Assets.xcassets; sourceTree = "<group>"; };
		FD8E8ABA27240DFB00075CE1 /* Base */ = {isa = PBXFileReference; lastKnownFileType = file.storyboard; name = Base; path = Base.lproj/LaunchScreen.storyboard; sourceTree = "<group>"; };
		FD8E8AC027240DFB00075CE1 /* ARKit tutorial_1Tests.xctest */ = {isa = PBXFileReference; explicitFileType = wrapper.cfbundle; includeInIndex = 0; path = "ARKit tutorial_1Tests.xctest"; sourceTree = BUILT_PRODUCTS_DIR; };
		FD8E8AC427240DFB00075CE1 /* ARKit_tutorial_1Tests.swift */ = {isa = PBXFileReference; lastKnownFileType = sourcecode.swift; path = ARKit_tutorial_1Tests.swift; sourceTree = "<group>"; };
		FD8E8ACA27240DFB00075CE1 /* ARKit tutorial_1UITests.xctest */ = {isa = PBXFileReference; explicitFileType = wrapper.cfbundle; includeInIndex = 0; path = "ARKit tutorial_1UITests.xctest"; sourceTree = BUILT_PRODUCTS_DIR; };
		FD8E8ACE27240DFB00075CE1 /* ARKit_tutorial_1UITests.swift */ = {isa = PBXFileReference; lastKnownFileType = sourcecode.swift; path = ARKit_tutorial_1UITests.swift; sourceTree = "<group>"; };
		FD8E8AD027240DFC00075CE1 /* ARKit_tutorial_1UITestsLaunchTests.swift */ = {isa = PBXFileReference; lastKnownFileType = sourcecode.swift; path = ARKit_tutorial_1UITestsLaunchTests.swift; sourceTree = "<group>"; };
/* End PBXFileReference section */

/* Begin PBXFrameworksBuildPhase section */
		FD8E8AA827240DFA00075CE1 /* Frameworks */ = {
			isa = PBXFrameworksBuildPhase;
			buildActionMask = 2147483647;
			files = (
			);
			runOnlyForDeploymentPostprocessing = 0;
		};
		FD8E8ABD27240DFB00075CE1 /* Frameworks */ = {
			isa = PBXFrameworksBuildPhase;
			buildActionMask = 2147483647;
			files = (
			);
			runOnlyForDeploymentPostprocessing = 0;
		};
		FD8E8AC727240DFB00075CE1 /* Frameworks */ = {
			isa = PBXFrameworksBuildPhase;
			buildActionMask = 2147483647;
			files = (
			);
			runOnlyForDeploymentPostprocessing = 0;
		};
/* End PBXFrameworksBuildPhase section */

/* Begin PBXGroup section */
		FD8E8AA227240DFA00075CE1 = {
			isa = PBXGroup;
			children = (
				FD8E8AAD27240DFA00075CE1 /* ARKit tutorial_1 */,
				FD8E8AC327240DFB00075CE1 /* ARKit tutorial_1Tests */,
				FD8E8ACD27240DFB00075CE1 /* ARKit tutorial_1UITests */,
				FD8E8AAC27240DFA00075CE1 /* Products */,
			);
			sourceTree = "<group>";
		};
		FD8E8AAC27240DFA00075CE1 /* Products */ = {
			isa = PBXGroup;
			children = (
				FD8E8AAB27240DFA00075CE1 /* ARKit tutorial_1.app */,
				FD8E8AC027240DFB00075CE1 /* ARKit tutorial_1Tests.xctest */,
				FD8E8ACA27240DFB00075CE1 /* ARKit tutorial_1UITests.xctest */,
			);
			name = Products;
			sourceTree = "<group>";
		};
		FD8E8AAD27240DFA00075CE1 /* ARKit tutorial_1 */ = {
			isa = PBXGroup;
			children = (
				FD8E8AAE27240DFA00075CE1 /* AppDelegate.swift */,
				FD8E8AB027240DFA00075CE1 /* art.scnassets */,
				FD8E8AB227240DFA00075CE1 /* ViewController.swift */,
				FD8E8AB427240DFA00075CE1 /* Main.storyboard */,
				FD8E8AB727240DFB00075CE1 /* Assets.xcassets */,
				FD8E8AB927240DFB00075CE1 /* LaunchScreen.storyboard */,
			);
			path = "ARKit tutorial_1";
			sourceTree = "<group>";
		};
		FD8E8AC327240DFB00075CE1 /* ARKit tutorial_1Tests */ = {
			isa = PBXGroup;
			children = (
				FD8E8AC427240DFB00075CE1 /* ARKit_tutorial_1Tests.swift */,
			);
			path = "ARKit tutorial_1Tests";
			sourceTree = "<group>";
		};
		FD8E8ACD27240DFB00075CE1 /* ARKit tutorial_1UITests */ = {
			isa = PBXGroup;
			children = (
				FD8E8ACE27240DFB00075CE1 /* ARKit_tutorial_1UITests.swift */,
				FD8E8AD027240DFC00075CE1 /* ARKit_tutorial_1UITestsLaunchTests.swift */,
			);
			path = "ARKit tutorial_1UITests";
			sourceTree = "<group>";
		};
/* End PBXGroup section */

/* Begin PBXNativeTarget section */
		FD8E8AAA27240DFA00075CE1 /* ARKit tutorial_1 */ = {
			isa = PBXNativeTarget;
			buildConfigurationList = FD8E8AD427240DFC00075CE1 /* Build configuration list for PBXNativeTarget "ARKit tutorial_1" */;
			buildPhases = (
				FD8E8AA727240DFA00075CE1 /* Sources */,
				FD8E8AA827240DFA00075CE1 /* Frameworks */,
				FD8E8AA927240DFA00075CE1 /* Resources */,
			);
			buildRules = (
			);
			dependencies = (
			);
			name = "ARKit tutorial_1";
			productName = "ARKit tutorial_1";
			productReference = FD8E8AAB27240DFA00075CE1 /* ARKit tutorial_1.app */;
			productType = "com.apple.product-type.application";
		};
		FD8E8ABF27240DFB00075CE1 /* ARKit tutorial_1Tests */ = {
			isa = PBXNativeTarget;
			buildConfigurationList = FD8E8AD727240DFC00075CE1 /* Build configuration list for PBXNativeTarget "ARKit tutorial_1Tests" */;
			buildPhases = (
				FD8E8ABC27240DFB00075CE1 /* Sources */,
				FD8E8ABD27240DFB00075CE1 /* Frameworks */,
				FD8E8ABE27240DFB00075CE1 /* Resources */,
			);
			buildRules = (
			);
			dependencies = (
				FD8E8AC227240DFB00075CE1 /* PBXTargetDependency */,
			);
			name = "ARKit tutorial_1Tests";
			productName = "ARKit tutorial_1Tests";
			productReference = FD8E8AC027240DFB00075CE1 /* ARKit tutorial_1Tests.xctest */;
			productType = "com.apple.product-type.bundle.unit-test";
		};
		FD8E8AC927240DFB00075CE1 /* ARKit tutorial_1UITests */ = {
			isa = PBXNativeTarget;
			buildConfigurationList = FD8E8ADA27240DFC00075CE1 /* Build configuration list for PBXNativeTarget "ARKit tutorial_1UITests" */;
			buildPhases = (
				FD8E8AC627240DFB00075CE1 /* Sources */,
				FD8E8AC727240DFB00075CE1 /* Frameworks */,
				FD8E8AC827240DFB00075CE1 /* Resources */,
			);
			buildRules = (
			);
			dependencies = (
				FD8E8ACC27240DFB00075CE1 /* PBXTargetDependency */,
			);
			name = "ARKit tutorial_1UITests";
			productName = "ARKit tutorial_1UITests";
			productReference = FD8E8ACA27240DFB00075CE1 /* ARKit tutorial_1UITests.xctest */;
			productType = "com.apple.product-type.bundle.ui-testing";
		};
/* End PBXNativeTarget section */

/* Begin PBXProject section */
		FD8E8AA327240DFA00075CE1 /* Project object */ = {
			isa = PBXProject;
			attributes = {
				BuildIndependentTargetsInParallel = 1;
				LastSwiftUpdateCheck = 1300;
				LastUpgradeCheck = 1300;
				TargetAttributes = {
					FD8E8AAA27240DFA00075CE1 = {
						CreatedOnToolsVersion = 13.0;
					};
					FD8E8ABF27240DFB00075CE1 = {
						CreatedOnToolsVersion = 13.0;
						TestTargetID = FD8E8AAA27240DFA00075CE1;
					};
					FD8E8AC927240DFB00075CE1 = {
						CreatedOnToolsVersion = 13.0;
						TestTargetID = FD8E8AAA27240DFA00075CE1;
					};
				};
			};
			buildConfigurationList = FD8E8AA627240DFA00075CE1 /* Build configuration list for PBXProject "ARKit tutorial_1" */;
			compatibilityVersion = "Xcode 13.0";
			developmentRegion = en;
			hasScannedForEncodings = 0;
			knownRegions = (
				en,
				Base,
			);
			mainGroup = FD8E8AA227240DFA00075CE1;
			productRefGroup = FD8E8AAC27240DFA00075CE1 /* Products */;
			projectDirPath = "";
			projectRoot = "";
			targets = (
				FD8E8AAA27240DFA00075CE1 /* ARKit tutorial_1 */,
				FD8E8ABF27240DFB00075CE1 /* ARKit tutorial_1Tests */,
				FD8E8AC927240DFB00075CE1 /* ARKit tutorial_1UITests */,
			);
		};
/* End PBXProject section */

/* Begin PBXResourcesBuildPhase section */
		FD8E8AA927240DFA00075CE1 /* Resources */ = {
			isa = PBXResourcesBuildPhase;
			buildActionMask = 2147483647;
			files = (
				FD8E8AB127240DFA00075CE1 /* art.scnassets in Resources */,
				FD8E8ABB27240DFB00075CE1 /* LaunchScreen.storyboard in Resources */,
				FD8E8AB827240DFB00075CE1 /* Assets.xcassets in Resources */,
				FD8E8AB627240DFA00075CE1 /* Main.storyboard in Resources */,
			);
			runOnlyForDeploymentPostprocessing = 0;
		};
		FD8E8ABE27240DFB00075CE1 /* Resources */ = {
			isa = PBXResourcesBuildPhase;
			buildActionMask = 2147483647;
			files = (
			);
			runOnlyForDeploymentPostprocessing = 0;
		};
		FD8E8AC827240DFB00075CE1 /* Resources */ = {
			isa = PBXResourcesBuildPhase;
			buildActionMask = 2147483647;
			files = (
			);
			runOnlyForDeploymentPostprocessing = 0;
		};
/* End PBXResourcesBuildPhase section */

/* Begin PBXSourcesBuildPhase section */
		FD8E8AA727240DFA00075CE1 /* Sources */ = {
			isa = PBXSourcesBuildPhase;
			buildActionMask = 2147483647;
			files = (
				FD8E8AB327240DFA00075CE1 /* ViewController.swift in Sources */,
				FD8E8AAF27240DFA00075CE1 /* AppDelegate.swift in Sources */,
			);
			runOnlyForDeploymentPostprocessing = 0;
		};
		FD8E8ABC27240DFB00075CE1 /* Sources */ = {
			isa = PBXSourcesBuildPhase;
			buildActionMask = 2147483647;
			files = (
				FD8E8AC527240DFB00075CE1 /* ARKit_tutorial_1Tests.swift in Sources */,
			);
			runOnlyForDeploymentPostprocessing = 0;
		};
		FD8E8AC627240DFB00075CE1 /* Sources */ = {
			isa = PBXSourcesBuildPhase;
			buildActionMask = 2147483647;
			files = (
				FD8E8AD127240DFC00075CE1 /* ARKit_tutorial_1UITestsLaunchTests.swift in Sources */,
				FD8E8ACF27240DFB00075CE1 /* ARKit_tutorial_1UITests.swift in Sources */,
			);
			runOnlyForDeploymentPostprocessing = 0;
		};
/* End PBXSourcesBuildPhase section */

/* Begin PBXTargetDependency section */
		FD8E8AC227240DFB00075CE1 /* PBXTargetDependency */ = {
			isa = PBXTargetDependency;
			target = FD8E8AAA27240DFA00075CE1 /* ARKit tutorial_1 */;
			targetProxy = FD8E8AC127240DFB00075CE1 /* PBXContainerItemProxy */;
		};
		FD8E8ACC27240DFB00075CE1 /* PBXTargetDependency */ = {
			isa = PBXTargetDependency;
			target = FD8E8AAA27240DFA00075CE1 /* ARKit tutorial_1 */;
			targetProxy = FD8E8ACB27240DFB00075CE1 /* PBXContainerItemProxy */;
		};
/* End PBXTargetDependency section */

/* Begin PBXVariantGroup section */
		FD8E8AB427240DFA00075CE1 /* Main.storyboard */ = {
			isa = PBXVariantGroup;
			children = (
				FD8E8AB527240DFA00075CE1 /* Base */,
			);
			name = Main.storyboard;
			sourceTree = "<group>";
		};
		FD8E8AB927240DFB00075CE1 /* LaunchScreen.storyboard */ = {
			isa = PBXVariantGroup;
			children = (
				FD8E8ABA27240DFB00075CE1 /* Base */,
			);
			name = LaunchScreen.storyboard;
			sourceTree = "<group>";
		};
/* End PBXVariantGroup section */

/* Begin XCBuildConfiguration section */
		FD8E8AD227240DFC00075CE1 /* Debug */ = {
			isa = XCBuildConfiguration;
			buildSettings = {
				ALWAYS_SEARCH_USER_PATHS = NO;
				CLANG_ANALYZER_NONNULL = YES;
				CLANG_ANALYZER_NUMBER_OBJECT_CONVERSION = YES_AGGRESSIVE;
				CLANG_CXX_LANGUAGE_STANDARD = "gnu++17";
				CLANG_CXX_LIBRARY = "libc++";
				CLANG_ENABLE_MODULES = YES;
				CLANG_ENABLE_OBJC_ARC = YES;
				CLANG_ENABLE_OBJC_WEAK = YES;
				CLANG_WARN_BLOCK_CAPTURE_AUTORELEASING = YES;
				CLANG_WARN_BOOL_CONVERSION = YES;
				CLANG_WARN_COMMA = YES;
				CLANG_WARN_CONSTANT_CONVERSION = YES;
				CLANG_WARN_DEPRECATED_OBJC_IMPLEMENTATIONS = YES;
				CLANG_WARN_DIRECT_OBJC_ISA_USAGE = YES_ERROR;
				CLANG_WARN_DOCUMENTATION_COMMENTS = YES;
				CLANG_WARN_EMPTY_BODY = YES;
				CLANG_WARN_ENUM_CONVERSION = YES;
				CLANG_WARN_INFINITE_RECURSION = YES;
				CLANG_WARN_INT_CONVERSION = YES;
				CLANG_WARN_NON_LITERAL_NULL_CONVERSION = YES;
				CLANG_WARN_OBJC_IMPLICIT_RETAIN_SELF = YES;
				CLANG_WARN_OBJC_LITERAL_CONVERSION = YES;
				CLANG_WARN_OBJC_ROOT_CLASS = YES_ERROR;
				CLANG_WARN_QUOTED_INCLUDE_IN_FRAMEWORK_HEADER = YES;
				CLANG_WARN_RANGE_LOOP_ANALYSIS = YES;
				CLANG_WARN_STRICT_PROTOTYPES = YES;
				CLANG_WARN_SUSPICIOUS_MOVE = YES;
				CLANG_WARN_UNGUARDED_AVAILABILITY = YES_AGGRESSIVE;
				CLANG_WARN_UNREACHABLE_CODE = YES;
				CLANG_WARN__DUPLICATE_METHOD_MATCH = YES;
				COPY_PHASE_STRIP = NO;
				DEBUG_INFORMATION_FORMAT = dwarf;
				ENABLE_STRICT_OBJC_MSGSEND = YES;
				ENABLE_TESTABILITY = YES;
				GCC_C_LANGUAGE_STANDARD = gnu11;
				GCC_DYNAMIC_NO_PIC = NO;
				GCC_NO_COMMON_BLOCKS = YES;
				GCC_OPTIMIZATION_LEVEL = 0;
				GCC_PREPROCESSOR_DEFINITIONS = (
					"DEBUG=1",
					"$(inherited)",
				);
				GCC_WARN_64_TO_32_BIT_CONVERSION = YES;
				GCC_WARN_ABOUT_RETURN_TYPE = YES_ERROR;
				GCC_WARN_UNDECLARED_SELECTOR = YES;
				GCC_WARN_UNINITIALIZED_AUTOS = YES_AGGRESSIVE;
				GCC_WARN_UNUSED_FUNCTION = YES;
				GCC_WARN_UNUSED_VARIABLE = YES;
				IPHONEOS_DEPLOYMENT_TARGET = 15.0;
				MTL_ENABLE_DEBUG_INFO = INCLUDE_SOURCE;
				MTL_FAST_MATH = YES;
				ONLY_ACTIVE_ARCH = YES;
				SDKROOT = iphoneos;
				SWIFT_ACTIVE_COMPILATION_CONDITIONS = DEBUG;
				SWIFT_OPTIMIZATION_LEVEL = "-Onone";
			};
			name = Debug;
		};
		FD8E8AD327240DFC00075CE1 /* Release */ = {
			isa = XCBuildConfiguration;
			buildSettings = {
				ALWAYS_SEARCH_USER_PATHS = NO;
				CLANG_ANALYZER_NONNULL = YES;
				CLANG_ANALYZER_NUMBER_OBJECT_CONVERSION = YES_AGGRESSIVE;
				CLANG_CXX_LANGUAGE_STANDARD = "gnu++17";
				CLANG_CXX_LIBRARY = "libc++";
				CLANG_ENABLE_MODULES = YES;
				CLANG_ENABLE_OBJC_ARC = YES;
				CLANG_ENABLE_OBJC_WEAK = YES;
				CLANG_WARN_BLOCK_CAPTURE_AUTORELEASING = YES;
				CLANG_WARN_BOOL_CONVERSION = YES;
				CLANG_WARN_COMMA = YES;
				CLANG_WARN_CONSTANT_CONVERSION = YES;
				CLANG_WARN_DEPRECATED_OBJC_IMPLEMENTATIONS = YES;
				CLANG_WARN_DIRECT_OBJC_ISA_USAGE = YES_ERROR;
				CLANG_WARN_DOCUMENTATION_COMMENTS = YES;
				CLANG_WARN_EMPTY_BODY = YES;
				CLANG_WARN_ENUM_CONVERSION = YES;
				CLANG_WARN_INFINITE_RECURSION = YES;
				CLANG_WARN_INT_CONVERSION = YES;
				CLANG_WARN_NON_LITERAL_NULL_CONVERSION = YES;
				CLANG_WARN_OBJC_IMPLICIT_RETAIN_SELF = YES;
				CLANG_WARN_OBJC_LITERAL_CONVERSION = YES;
				CLANG_WARN_OBJC_ROOT_CLASS = YES_ERROR;
				CLANG_WARN_QUOTED_INCLUDE_IN_FRAMEWORK_HEADER = YES;
				CLANG_WARN_RANGE_LOOP_ANALYSIS = YES;
				CLANG_WARN_STRICT_PROTOTYPES = YES;
				CLANG_WARN_SUSPICIOUS_MOVE = YES;
				CLANG_WARN_UNGUARDED_AVAILABILITY = YES_AGGRESSIVE;
				CLANG_WARN_UNREACHABLE_CODE = YES;
				CLANG_WARN__DUPLICATE_METHOD_MATCH = YES;
				COPY_PHASE_STRIP = NO;
				DEBUG_INFORMATION_FORMAT = "dwarf-with-dsym";
				ENABLE_NS_ASSERTIONS = NO;
				ENABLE_STRICT_OBJC_MSGSEND = YES;
				GCC_C_LANGUAGE_STANDARD = gnu11;
				GCC_NO_COMMON_BLOCKS = YES;
				GCC_WARN_64_TO_32_BIT_CONVERSION = YES;
				GCC_WARN_ABOUT_RETURN_TYPE = YES_ERROR;
				GCC_WARN_UNDECLARED_SELECTOR = YES;
				GCC_WARN_UNINITIALIZED_AUTOS = YES_AGGRESSIVE;
				GCC_WARN_UNUSED_FUNCTION = YES;
				GCC_WARN_UNUSED_VARIABLE = YES;
				IPHONEOS_DEPLOYMENT_TARGET = 15.0;
				MTL_ENABLE_DEBUG_INFO = NO;
				MTL_FAST_MATH = YES;
				SDKROOT = iphoneos;
				SWIFT_COMPILATION_MODE = wholemodule;
				SWIFT_OPTIMIZATION_LEVEL = "-O";
				VALIDATE_PRODUCT = YES;
			};
			name = Release;
		};
		FD8E8AD527240DFC00075CE1 /* Debug */ = {
			isa = XCBuildConfiguration;
			buildSettings = {
				ASSETCATALOG_COMPILER_APPICON_NAME = AppIcon;
				ASSETCATALOG_COMPILER_GLOBAL_ACCENT_COLOR_NAME = AccentColor;
				CODE_SIGN_STYLE = Automatic;
				CURRENT_PROJECT_VERSION = 1;
				GENERATE_INFOPLIST_FILE = YES;
				INFOPLIST_KEY_NSCameraUsageDescription = "";
				INFOPLIST_KEY_UIApplicationSupportsIndirectInputEvents = YES;
				INFOPLIST_KEY_UILaunchStoryboardName = LaunchScreen;
				INFOPLIST_KEY_UIMainStoryboardFile = Main;
				INFOPLIST_KEY_UIRequiredDeviceCapabilities = arkit;
				INFOPLIST_KEY_UIStatusBarHidden = YES;
				INFOPLIST_KEY_UISupportedInterfaceOrientations_iPad = "UIInterfaceOrientationPortrait UIInterfaceOrientationPortraitUpsideDown UIInterfaceOrientationLandscapeLeft UIInterfaceOrientationLandscapeRight";
				INFOPLIST_KEY_UISupportedInterfaceOrientations_iPhone = "UIInterfaceOrientationPortrait UIInterfaceOrientationLandscapeLeft UIInterfaceOrientationLandscapeRight";
				LD_RUNPATH_SEARCH_PATHS = (
					"$(inherited)",
					"@executable_path/Frameworks",
				);
				MARKETING_VERSION = 1.0;
				PRODUCT_BUNDLE_IDENTIFIER = "dongguk-univ.ARKit-tutorial-1";
				PRODUCT_NAME = "$(TARGET_NAME)";
				SWIFT_EMIT_LOC_STRINGS = YES;
				SWIFT_VERSION = 5.0;
				TARGETED_DEVICE_FAMILY = "1,2";
			};
			name = Debug;
		};
		FD8E8AD627240DFC00075CE1 /* Release */ = {
			isa = XCBuildConfiguration;
			buildSettings = {
				ASSETCATALOG_COMPILER_APPICON_NAME = AppIcon;
				ASSETCATALOG_COMPILER_GLOBAL_ACCENT_COLOR_NAME = AccentColor;
				CODE_SIGN_STYLE = Automatic;
				CURRENT_PROJECT_VERSION = 1;
				GENERATE_INFOPLIST_FILE = YES;
				INFOPLIST_KEY_NSCameraUsageDescription = "";
				INFOPLIST_KEY_UIApplicationSupportsIndirectInputEvents = YES;
				INFOPLIST_KEY_UILaunchStoryboardName = LaunchScreen;
				INFOPLIST_KEY_UIMainStoryboardFile = Main;
				INFOPLIST_KEY_UIRequiredDeviceCapabilities = arkit;
				INFOPLIST_KEY_UIStatusBarHidden = YES;
				INFOPLIST_KEY_UISupportedInterfaceOrientations_iPad = "UIInterfaceOrientationPortrait UIInterfaceOrientationPortraitUpsideDown UIInterfaceOrientationLandscapeLeft UIInterfaceOrientationLandscapeRight";
				INFOPLIST_KEY_UISupportedInterfaceOrientations_iPhone = "UIInterfaceOrientationPortrait UIInterfaceOrientationLandscapeLeft UIInterfaceOrientationLandscapeRight";
				LD_RUNPATH_SEARCH_PATHS = (
					"$(inherited)",
					"@executable_path/Frameworks",
				);
				MARKETING_VERSION = 1.0;
				PRODUCT_BUNDLE_IDENTIFIER = "dongguk-univ.ARKit-tutorial-1";
				PRODUCT_NAME = "$(TARGET_NAME)";
				SWIFT_EMIT_LOC_STRINGS = YES;
				SWIFT_VERSION = 5.0;
				TARGETED_DEVICE_FAMILY = "1,2";
			};
			name = Release;
		};
		FD8E8AD827240DFC00075CE1 /* Debug */ = {
			isa = XCBuildConfiguration;
			buildSettings = {
				ALWAYS_EMBED_SWIFT_STANDARD_LIBRARIES = YES;
				BUNDLE_LOADER = "$(TEST_HOST)";
				CODE_SIGN_STYLE = Automatic;
				CURRENT_PROJECT_VERSION = 1;
				GENERATE_INFOPLIST_FILE = YES;
				IPHONEOS_DEPLOYMENT_TARGET = 15.0;
				LD_RUNPATH_SEARCH_PATHS = (
					"$(inherited)",
					"@executable_path/Frameworks",
					"@loader_path/Frameworks",
				);
				MARKETING_VERSION = 1.0;
				PRODUCT_BUNDLE_IDENTIFIER = "dongguk-univ.ARKit-tutorial-1Tests";
				PRODUCT_NAME = "$(TARGET_NAME)";
				SWIFT_EMIT_LOC_STRINGS = NO;
				SWIFT_VERSION = 5.0;
				TARGETED_DEVICE_FAMILY = "1,2";
				TEST_HOST = "$(BUILT_PRODUCTS_DIR)/ARKit tutorial_1.app/ARKit tutorial_1";
			};
			name = Debug;
		};
		FD8E8AD927240DFC00075CE1 /* Release */ = {
			isa = XCBuildConfiguration;
			buildSettings = {
				ALWAYS_EMBED_SWIFT_STANDARD_LIBRARIES = YES;
				BUNDLE_LOADER = "$(TEST_HOST)";
				CODE_SIGN_STYLE = Automatic;
				CURRENT_PROJECT_VERSION = 1;
				GENERATE_INFOPLIST_FILE = YES;
				IPHONEOS_DEPLOYMENT_TARGET = 15.0;
				LD_RUNPATH_SEARCH_PATHS = (
					"$(inherited)",
					"@executable_path/Frameworks",
					"@loader_path/Frameworks",
				);
				MARKETING_VERSION = 1.0;
				PRODUCT_BUNDLE_IDENTIFIER = "dongguk-univ.ARKit-tutorial-1Tests";
				PRODUCT_NAME = "$(TARGET_NAME)";
				SWIFT_EMIT_LOC_STRINGS = NO;
				SWIFT_VERSION = 5.0;
				TARGETED_DEVICE_FAMILY = "1,2";
				TEST_HOST = "$(BUILT_PRODUCTS_DIR)/ARKit tutorial_1.app/ARKit tutorial_1";
			};
			name = Release;
		};
		FD8E8ADB27240DFC00075CE1 /* Debug */ = {
			isa = XCBuildConfiguration;
			buildSettings = {
				ALWAYS_EMBED_SWIFT_STANDARD_LIBRARIES = YES;
				CODE_SIGN_STYLE = Automatic;
				CURRENT_PROJECT_VERSION = 1;
				GENERATE_INFOPLIST_FILE = YES;
				LD_RUNPATH_SEARCH_PATHS = (
					"$(inherited)",
					"@executable_path/Frameworks",
					"@loader_path/Frameworks",
				);
				MARKETING_VERSION = 1.0;
				PRODUCT_BUNDLE_IDENTIFIER = "dongguk-univ.ARKit-tutorial-1UITests";
				PRODUCT_NAME = "$(TARGET_NAME)";
				SWIFT_EMIT_LOC_STRINGS = NO;
				SWIFT_VERSION = 5.0;
				TARGETED_DEVICE_FAMILY = "1,2";
				TEST_TARGET_NAME = "ARKit tutorial_1";
			};
			name = Debug;
		};
		FD8E8ADC27240DFC00075CE1 /* Release */ = {
			isa = XCBuildConfiguration;
			buildSettings = {
				ALWAYS_EMBED_SWIFT_STANDARD_LIBRARIES = YES;
				CODE_SIGN_STYLE = Automatic;
				CURRENT_PROJECT_VERSION = 1;
				GENERATE_INFOPLIST_FILE = YES;
				LD_RUNPATH_SEARCH_PATHS = (
					"$(inherited)",
					"@executable_path/Frameworks",
					"@loader_path/Frameworks",
				);
				MARKETING_VERSION = 1.0;
				PRODUCT_BUNDLE_IDENTIFIER = "dongguk-univ.ARKit-tutorial-1UITests";
				PRODUCT_NAME = "$(TARGET_NAME)";
				SWIFT_EMIT_LOC_STRINGS = NO;
				SWIFT_VERSION = 5.0;
				TARGETED_DEVICE_FAMILY = "1,2";
				TEST_TARGET_NAME = "ARKit tutorial_1";
			};
			name = Release;
		};
/* End XCBuildConfiguration section */

/* Begin XCConfigurationList section */
		FD8E8AA627240DFA00075CE1 /* Build configuration list for PBXProject "ARKit tutorial_1" */ = {
			isa = XCConfigurationList;
			buildConfigurations = (
				FD8E8AD227240DFC00075CE1 /* Debug */,
				FD8E8AD327240DFC00075CE1 /* Release */,
			);
			defaultConfigurationIsVisible = 0;
			defaultConfigurationName = Release;
		};
		FD8E8AD427240DFC00075CE1 /* Build configuration list for PBXNativeTarget "ARKit tutorial_1" */ = {
			isa = XCConfigurationList;
			buildConfigurations = (
				FD8E8AD527240DFC00075CE1 /* Debug */,
				FD8E8AD627240DFC00075CE1 /* Release */,
			);
			defaultConfigurationIsVisible = 0;
			defaultConfigurationName = Release;
		};
		FD8E8AD727240DFC00075CE1 /* Build configuration list for PBXNativeTarget "ARKit tutorial_1Tests" */ = {
			isa = XCConfigurationList;
			buildConfigurations = (
				FD8E8AD827240DFC00075CE1 /* Debug */,
				FD8E8AD927240DFC00075CE1 /* Release */,
			);
			defaultConfigurationIsVisible = 0;
			defaultConfigurationName = Release;
		};
		FD8E8ADA27240DFC00075CE1 /* Build configuration list for PBXNativeTarget "ARKit tutorial_1UITests" */ = {
			isa = XCConfigurationList;
			buildConfigurations = (
				FD8E8ADB27240DFC00075CE1 /* Debug */,
				FD8E8ADC27240DFC00075CE1 /* Release */,
			);
			defaultConfigurationIsVisible = 0;
			defaultConfigurationName = Release;
		};
/* End XCConfigurationList section */
	};
	rootObject = FD8E8AA327240DFA00075CE1 /* Project object */;
}
